apiVersion: chaos.operatorchaos.io/v1alpha1
kind: ChaosExperiment
metadata:
  name: dashboard-pdb-block
spec:
  tier: 2
  target:
    operator: dashboard
    component: odh-dashboard
    resource: Deployment/rhods-dashboard
  steadyState:
    checks:
      - type: conditionTrue
        apiVersion: apps/v1
        kind: Deployment
        name: rhods-dashboard
        namespace: redhat-ods-applications
        conditionType: Available
    timeout: "30s"
  injection:
    type: PDBBlock
    dangerLevel: high
    parameters:
      labelSelector: app=rhods-dashboard
    ttl: "10s"
  hypothesis:
    description: >-
      Creating a PDB with maxUnavailable=0 blocks all voluntary
      evictions. Tests whether the operator's pods can be drained
      for node maintenance or cluster upgrades.
    recoveryTimeout: 120s
  blastRadius:
    maxPodsAffected: 2
    allowDangerous: true
    allowedNamespaces:
      - redhat-ods-applications
